PODS:
  - AdColony (4.4.1.1)
  - FBAudienceNetwork (6.2.0):
    - FBSDKCoreKit/Basics (>= 7.0.1)
  - FBSDKCoreKit/Basics (8.2.0)
  - Flutter (1.0.0)
  - MoPub-AdColony-Adapters (4.4.1.1.3):
    - MoPub-AdColony-Adapters/MoPub (= 4.4.1.1.3)
    - MoPub-AdColony-Adapters/Network (= 4.4.1.1.3)
  - MoPub-AdColony-Adapters/MoPub (4.4.1.1.3):
    - mopub-ios-sdk/Core (~> 5.15)
  - MoPub-AdColony-Adapters/Network (4.4.1.1.3):
    - AdColony (= 4.4.1.1)
    - mopub-ios-sdk/Core (~> 5.15)
  - MoPub-FacebookAudienceNetwork-Adapters (6.2.0.2):
    - MoPub-FacebookAudienceNetwork-Adapters/MoPub (= 6.2.0.2)
    - MoPub-FacebookAudienceNetwork-Adapters/Network (= 6.2.0.2)
  - MoPub-FacebookAudienceNetwork-Adapters/MoPub (6.2.0.2):
    - mopub-ios-sdk/Core (~> 5.15)
    - mopub-ios-sdk/NativeAds (~> 5.15)
  - MoPub-FacebookAudienceNetwork-Adapters/Network (6.2.0.2):
    - FBAudienceNetwork (= 6.2.0)
    - mopub-ios-sdk/Core (~> 5.15)
    - mopub-ios-sdk/NativeAds (~> 5.15)
  - mopub-ios-sdk (5.15.0):
    - mopub-ios-sdk/MoPubSDK (= 5.15.0)
  - mopub-ios-sdk/Core (5.15.0)
  - mopub-ios-sdk/MoPubSDK (5.15.0):
    - mopub-ios-sdk/Core
    - mopub-ios-sdk/NativeAds
  - mopub-ios-sdk/NativeAds (5.15.0):
    - mopub-ios-sdk/Core
  - mopub_flutter (1.1.1):
    - Flutter
    - mopub-ios-sdk

DEPENDENCIES:
  - AdColony
  - FBAudienceNetwork
  - Flutter (from `Flutter`)
  - MoPub-AdColony-Adapters (= 4.4.1.1.3)
  - MoPub-FacebookAudienceNetwork-Adapters (= 6.2.0.2)
  - mopub_flutter (from `.symlinks/plugins/mopub_flutter/ios`)

SPEC REPOS:
  trunk:
    - AdColony
    - FBAudienceNetwork
    - FBSDKCoreKit
    - MoPub-AdColony-Adapters
    - MoPub-FacebookAudienceNetwork-Adapters
    - mopub-ios-sdk

EXTERNAL SOURCES:
  Flutter:
    :path: Flutter
  mopub_flutter:
    :path: ".symlinks/plugins/mopub_flutter/ios"

SPEC CHECKSUMS:
  AdColony: a655685ae4a62eb8d6ddffa5fc1436858872a9e7
  FBAudienceNetwork: 69193f0362accc40305703fb3265342416971446
  FBSDKCoreKit: 4afd6ff53d8133a433dbcda44451c9498f8c6ce4
  Flutter: 0e3d915762c693b495b44d77113d4970485de6ec
  MoPub-AdColony-Adapters: 532ca39102383af3147187918a7c54c5c0e0c0ee
  MoPub-FacebookAudienceNetwork-Adapters: be89cc06c83eb4d51d1a316a3bccf1c239743bf9
  mopub-ios-sdk: a21098174b9420a291aca9fcdae832d0f2e2a368
  mopub_flutter: 66d861d0d0a9c9cdaa8fb9ad45e49cc8d52494e5

PODFILE CHECKSUM: d8e6187989ea7daeaf7dabdd8dd4fbbcaacbc972

COCOAPODS: 1.10.0
